
Microsoft Visual Studio Solution File, Format Version 12.00
# Visual Studio Version 17
VisualStudioVersion = 17.0.31919.166
MinimumVisualStudioVersion = 10.0.40219.1
Project("{FAE04EC0-301F-11D3-BF4B-00C04F79EFBC}") = "EindWerk_CinemaTicket", "EindWerk_CinemaTicket\EindWerk_CinemaTicket.csproj", "{31FB8CA6-3989-42B9-92C6-AD4D26035DC3}"
EndProject
Global
	GlobalSection(SolutionConfigurationPlatforms) = preSolution
		Debug|Any CPU = Debug|Any CPU
		Release|Any CPU = Release|Any CPU
	EndGlobalSection
	GlobalSection(ProjectConfigurationPlatforms) = postSolution
		{31FB8CA6-3989-42B9-92C6-AD4D26035DC3}.Debug|Any CPU.ActiveCfg = Debug|Any CPU
		{31FB8CA6-3989-42B9-92C6-AD4D26035DC3}.Debug|Any CPU.Build.0 = Debug|Any CPU
		{31FB8CA6-3989-42B9-92C6-AD4D26035DC3}.Release|Any CPU.ActiveCfg = Release|Any CPU
		{31FB8CA6-3989-42B9-92C6-AD4D26035DC3}.Release|Any CPU.Build.0 = Release|Any CPU
	EndGlobalSection
	GlobalSection(SolutionProperties) = preSolution
		HideSolutionNode = FALSE
	EndGlobalSection
	GlobalSection(ExtensibilityGlobals) = postSolution
		SolutionGuid = {145C5B8B-F08D-4238-A744-C3F63B24C727}
	EndGlobalSection
EndGlobal
